
Microsoft Visual Studio Solution File, Format Version 12.00
# Visual Studio Version 16
VisualStudioVersion = 16.0.30320.27
MinimumVisualStudioVersion = 10.0.40219.1
Project("{FAE04EC0-301F-11D3-BF4B-00C04F79EFBC}") = "Examen", "Examen\Examen.csproj", "{FE2EECD3-3844-4BF9-8E1D-C0E37A1336D3}"
EndProject
Global
	GlobalSection(SolutionConfigurationPlatforms) = preSolution
		Debug|Any CPU = Debug|Any CPU
		Release|Any CPU = Release|Any CPU
	EndGlobalSection
	GlobalSection(ProjectConfigurationPlatforms) = postSolution
		{FE2EECD3-3844-4BF9-8E1D-C0E37A1336D3}.Debug|Any CPU.ActiveCfg = Debug|Any CPU
		{FE2EECD3-3844-4BF9-8E1D-C0E37A1336D3}.Debug|Any CPU.Build.0 = Debug|Any CPU
		{FE2EECD3-3844-4BF9-8E1D-C0E37A1336D3}.Release|Any CPU.ActiveCfg = Release|Any CPU
		{FE2EECD3-3844-4BF9-8E1D-C0E37A1336D3}.Release|Any CPU.Build.0 = Release|Any CPU
	EndGlobalSection
	GlobalSection(SolutionProperties) = preSolution
		HideSolutionNode = FALSE
	EndGlobalSection
	GlobalSection(ExtensibilityGlobals) = postSolution
		SolutionGuid = {AE488A5D-60D2-48DE-98C5-6E52081B4633}
	EndGlobalSection
EndGlobal
